
Microsoft Visual Studio Solution File, Format Version 12.00
# Visual Studio Version 17
VisualStudioVersion = 17.10.35122.118
MinimumVisualStudioVersion = 10.0.40219.1
Project("{FAE04EC0-301F-11D3-BF4B-00C04F79EFBC}") = "TesteAutB3", "TesteAutB3\TesteAutB3.csproj", "{0E5F0B3B-0E62-49D1-A82C-7DA84CBFFEA7}"
EndProject
Global
	GlobalSection(SolutionConfigurationPlatforms) = preSolution
		Debug|Any CPU = Debug|Any CPU
		Release|Any CPU = Release|Any CPU
	EndGlobalSection
	GlobalSection(ProjectConfigurationPlatforms) = postSolution
		{0E5F0B3B-0E62-49D1-A82C-7DA84CBFFEA7}.Debug|Any CPU.ActiveCfg = Debug|Any CPU
		{0E5F0B3B-0E62-49D1-A82C-7DA84CBFFEA7}.Debug|Any CPU.Build.0 = Debug|Any CPU
		{0E5F0B3B-0E62-49D1-A82C-7DA84CBFFEA7}.Release|Any CPU.ActiveCfg = Release|Any CPU
		{0E5F0B3B-0E62-49D1-A82C-7DA84CBFFEA7}.Release|Any CPU.Build.0 = Release|Any CPU
	EndGlobalSection
	GlobalSection(SolutionProperties) = preSolution
		HideSolutionNode = FALSE
	EndGlobalSection
	GlobalSection(ExtensibilityGlobals) = postSolution
		SolutionGuid = {262ADF07-323D-401A-9A18-F6D9C096B2A6}
	EndGlobalSection
EndGlobal
